
Microsoft Visual Studio Solution File, Format Version 12.00
# Visual Studio Version 16
VisualStudioVersion = 16.0.31702.278
MinimumVisualStudioVersion = 10.0.40219.1
Project("{9A19103F-16F7-4668-BE54-9A1E7A4F7556}") = "ArrayList", "ArrayList\ArrayList.csproj", "{6800D28B-FF95-4D76-A811-E13993210590}"
EndProject
Project("{FAE04EC0-301F-11D3-BF4B-00C04F79EFBC}") = "ArrayList.Tests", "ArrayList.Tests\ArrayList.Tests.csproj", "{9AA35D86-2EAE-40BC-B13C-FC1676CA3888}"
EndProject
Global
	GlobalSection(SolutionConfigurationPlatforms) = preSolution
		Debug|Any CPU = Debug|Any CPU
		Release|Any CPU = Release|Any CPU
	EndGlobalSection
	GlobalSection(ProjectConfigurationPlatforms) = postSolution
		{6800D28B-FF95-4D76-A811-E13993210590}.Debug|Any CPU.ActiveCfg = Debug|Any CPU
		{6800D28B-FF95-4D76-A811-E13993210590}.Debug|Any CPU.Build.0 = Debug|Any CPU
		{6800D28B-FF95-4D76-A811-E13993210590}.Release|Any CPU.ActiveCfg = Release|Any CPU
		{6800D28B-FF95-4D76-A811-E13993210590}.Release|Any CPU.Build.0 = Release|Any CPU
		{9AA35D86-2EAE-40BC-B13C-FC1676CA3888}.Debug|Any CPU.ActiveCfg = Debug|Any CPU
		{9AA35D86-2EAE-40BC-B13C-FC1676CA3888}.Debug|Any CPU.Build.0 = Debug|Any CPU
		{9AA35D86-2EAE-40BC-B13C-FC1676CA3888}.Release|Any CPU.ActiveCfg = Release|Any CPU
		{9AA35D86-2EAE-40BC-B13C-FC1676CA3888}.Release|Any CPU.Build.0 = Release|Any CPU
	EndGlobalSection
	GlobalSection(SolutionProperties) = preSolution
		HideSolutionNode = FALSE
	EndGlobalSection
	GlobalSection(ExtensibilityGlobals) = postSolution
		SolutionGuid = {C8892887-3317-483E-9FB8-3CC251394552}
	EndGlobalSection
EndGlobal
